{
  "name": "language-server",
  "lockfileVersion": 3,
  "requires": true,
  "packages": {
    "": {
      "dependencies": {
        "some-sass-language-server": "^1.2.9"
      }
    },
    "node_modules/some-sass-language-server": {
      "version": "1.2.9",
      "resolved": "https://registry.npmjs.org/some-sass-language-server/-/some-sass-language-server-1.2.9.tgz",
      "integrity": "sha512-c7iqHkhCLtnS7QJr/V2sxuJ/fwOJLbYWArhmFmDLpwzlC/aw7auDFvsxQF/T64tx6M1eiDOxE+iJZmAKyryboA==",
      "bin": {
        "some-sass-language-server": "bin/some-sass-language-server"
      },
      "engines": {
        "node": ">=20"
      }
    }
  }
}
