{
  "name": "language-server",
  "lockfileVersion": 3,
  "requires": true,
  "packages": {
    "": {
      "dependencies": {
        "some-sass-language-server": "^1.6.0"
      }
    },
    "node_modules/some-sass-language-server": {
      "version": "1.6.0",
      "resolved": "https://registry.npmjs.org/some-sass-language-server/-/some-sass-language-server-1.6.0.tgz",
      "integrity": "sha512-LEJZrwTD4yHLLXV52kSihpuFz719efzo7UI/LU6QcqQdI35RPke7Nrwk1cM/w2THCShBz5scWXKg5Ko6Ws2cYg==",
      "bin": {
        "some-sass-language-server": "bin/some-sass-language-server"
      },
      "engines": {
        "node": ">=20"
      }
    }
  }
}
