{
  "name": "language-server",
  "lockfileVersion": 3,
  "requires": true,
  "packages": {
    "": {
      "dependencies": {
        "some-sass-language-server": "^1.4.0"
      }
    },
    "node_modules/some-sass-language-server": {
      "version": "1.4.0",
      "resolved": "https://registry.npmjs.org/some-sass-language-server/-/some-sass-language-server-1.4.0.tgz",
      "integrity": "sha512-28dBUpXjn03X2ZQSkjqe9luh0cCgAcxTduFgDg0bHsoLeyxImBPvEdbGjA9MsPPkI8iaC3+ZSePsy8Q3NRBL2g==",
      "bin": {
        "some-sass-language-server": "bin/some-sass-language-server"
      },
      "engines": {
        "node": ">=20"
      }
    }
  }
}
